
Microsoft Visual Studio Solution File, Format Version 12.00
# Visual Studio Version 17
VisualStudioVersion = 17.6.33815.320
MinimumVisualStudioVersion = 10.0.40219.1
Project("{FAE04EC0-301F-11D3-BF4B-00C04F79EFBC}") = "B1_Task1", "B1_Task1\B1_Task1.csproj", "{3724F08F-0CA6-49BD-9CD3-EE7715AD1728}"
EndProject
Global
	GlobalSection(SolutionConfigurationPlatforms) = preSolution
		Debug|Any CPU = Debug|Any CPU
		Release|Any CPU = Release|Any CPU
	EndGlobalSection
	GlobalSection(ProjectConfigurationPlatforms) = postSolution
		{3724F08F-0CA6-49BD-9CD3-EE7715AD1728}.Debug|Any CPU.ActiveCfg = Debug|Any CPU
		{3724F08F-0CA6-49BD-9CD3-EE7715AD1728}.Debug|Any CPU.Build.0 = Debug|Any CPU
		{3724F08F-0CA6-49BD-9CD3-EE7715AD1728}.Release|Any CPU.ActiveCfg = Release|Any CPU
		{3724F08F-0CA6-49BD-9CD3-EE7715AD1728}.Release|Any CPU.Build.0 = Release|Any CPU
	EndGlobalSection
	GlobalSection(SolutionProperties) = preSolution
		HideSolutionNode = FALSE
	EndGlobalSection
	GlobalSection(ExtensibilityGlobals) = postSolution
		SolutionGuid = {3C6BC033-43C3-46D3-9032-02B2071F56EB}
	EndGlobalSection
EndGlobal
